
Microsoft Visual Studio Solution File, Format Version 12.00
# Visual Studio Version 17
VisualStudioVersion = 17.14.36414.22
MinimumVisualStudioVersion = 10.0.40219.1
Project("{FAE04EC0-301F-11D3-BF4B-00C04F79EFBC}") = "BLL", "BLL\BLL.csproj", "{36FF7211-22A7-4561-BFFF-4E848A7A8525}"
EndProject
Project("{FAE04EC0-301F-11D3-BF4B-00C04F79EFBC}") = "DAL", "DAL\DAL.csproj", "{FD765009-1C1B-40EC-A75F-C866A9C28304}"
EndProject
Project("{FAE04EC0-301F-11D3-BF4B-00C04F79EFBC}") = "MAIN", "MAIN\MAIN.csproj", "{48676C22-56CC-475C-8837-F72388EA869D}"
EndProject
Global
	GlobalSection(SolutionConfigurationPlatforms) = preSolution
		Debug|Any CPU = Debug|Any CPU
		Release|Any CPU = Release|Any CPU
	EndGlobalSection
	GlobalSection(ProjectConfigurationPlatforms) = postSolution
		{36FF7211-22A7-4561-BFFF-4E848A7A8525}.Debug|Any CPU.ActiveCfg = Debug|Any CPU
		{36FF7211-22A7-4561-BFFF-4E848A7A8525}.Debug|Any CPU.Build.0 = Debug|Any CPU
		{36FF7211-22A7-4561-BFFF-4E848A7A8525}.Release|Any CPU.ActiveCfg = Release|Any CPU
		{36FF7211-22A7-4561-BFFF-4E848A7A8525}.Release|Any CPU.Build.0 = Release|Any CPU
		{FD765009-1C1B-40EC-A75F-C866A9C28304}.Debug|Any CPU.ActiveCfg = Debug|Any CPU
		{FD765009-1C1B-40EC-A75F-C866A9C28304}.Debug|Any CPU.Build.0 = Debug|Any CPU
		{FD765009-1C1B-40EC-A75F-C866A9C28304}.Release|Any CPU.ActiveCfg = Release|Any CPU
		{FD765009-1C1B-40EC-A75F-C866A9C28304}.Release|Any CPU.Build.0 = Release|Any CPU
		{48676C22-56CC-475C-8837-F72388EA869D}.Debug|Any CPU.ActiveCfg = Debug|Any CPU
		{48676C22-56CC-475C-8837-F72388EA869D}.Debug|Any CPU.Build.0 = Debug|Any CPU
		{48676C22-56CC-475C-8837-F72388EA869D}.Release|Any CPU.ActiveCfg = Release|Any CPU
		{48676C22-56CC-475C-8837-F72388EA869D}.Release|Any CPU.Build.0 = Release|Any CPU
	EndGlobalSection
	GlobalSection(SolutionProperties) = preSolution
		HideSolutionNode = FALSE
	EndGlobalSection
	GlobalSection(ExtensibilityGlobals) = postSolution
		SolutionGuid = {EC1E2C18-AC50-4A3F-84DB-7DECC513E464}
	EndGlobalSection
EndGlobal
