
Microsoft Visual Studio Solution File, Format Version 12.00
# Visual Studio Version 17
VisualStudioVersion = 17.14.36414.22
MinimumVisualStudioVersion = 10.0.40219.1
Project("{FAE04EC0-301F-11D3-BF4B-00C04F79EFBC}") = "qlpt", "qlpt\qlpt.csproj", "{F2318693-9174-40F0-8B80-ADD04C88DB56}"
EndProject
Project("{FAE04EC0-301F-11D3-BF4B-00C04F79EFBC}") = "qlpt_DAL", "qlpt_DAL\qlpt_DAL.csproj", "{1F8243BD-B717-452D-A255-0C533F4BC765}"
EndProject
Project("{FAE04EC0-301F-11D3-BF4B-00C04F79EFBC}") = "qlpt_BLL", "qlpt_BLL\qlpt_BLL.csproj", "{27B4ED80-A1D2-4DE3-8101-6BD9DA2EFFBF}"
EndProject
Project("{FAE04EC0-301F-11D3-BF4B-00C04F79EFBC}") = "qlpt_DTO", "qlpt_DTO\qlpt_DTO.csproj", "{12034761-DAA0-4B28-95BB-EBBD5A36899A}"
EndProject
Global
	GlobalSection(SolutionConfigurationPlatforms) = preSolution
		Debug|Any CPU = Debug|Any CPU
		Release|Any CPU = Release|Any CPU
	EndGlobalSection
	GlobalSection(ProjectConfigurationPlatforms) = postSolution
		{F2318693-9174-40F0-8B80-ADD04C88DB56}.Debug|Any CPU.ActiveCfg = Debug|Any CPU
		{F2318693-9174-40F0-8B80-ADD04C88DB56}.Debug|Any CPU.Build.0 = Debug|Any CPU
		{F2318693-9174-40F0-8B80-ADD04C88DB56}.Release|Any CPU.ActiveCfg = Release|Any CPU
		{F2318693-9174-40F0-8B80-ADD04C88DB56}.Release|Any CPU.Build.0 = Release|Any CPU
		{1F8243BD-B717-452D-A255-0C533F4BC765}.Debug|Any CPU.ActiveCfg = Debug|Any CPU
		{1F8243BD-B717-452D-A255-0C533F4BC765}.Debug|Any CPU.Build.0 = Debug|Any CPU
		{1F8243BD-B717-452D-A255-0C533F4BC765}.Release|Any CPU.ActiveCfg = Release|Any CPU
		{1F8243BD-B717-452D-A255-0C533F4BC765}.Release|Any CPU.Build.0 = Release|Any CPU
		{27B4ED80-A1D2-4DE3-8101-6BD9DA2EFFBF}.Debug|Any CPU.ActiveCfg = Debug|Any CPU
		{27B4ED80-A1D2-4DE3-8101-6BD9DA2EFFBF}.Debug|Any CPU.Build.0 = Debug|Any CPU
		{27B4ED80-A1D2-4DE3-8101-6BD9DA2EFFBF}.Release|Any CPU.ActiveCfg = Release|Any CPU
		{27B4ED80-A1D2-4DE3-8101-6BD9DA2EFFBF}.Release|Any CPU.Build.0 = Release|Any CPU
		{12034761-DAA0-4B28-95BB-EBBD5A36899A}.Debug|Any CPU.ActiveCfg = Debug|Any CPU
		{12034761-DAA0-4B28-95BB-EBBD5A36899A}.Debug|Any CPU.Build.0 = Debug|Any CPU
		{12034761-DAA0-4B28-95BB-EBBD5A36899A}.Release|Any CPU.ActiveCfg = Release|Any CPU
		{12034761-DAA0-4B28-95BB-EBBD5A36899A}.Release|Any CPU.Build.0 = Release|Any CPU
	EndGlobalSection
	GlobalSection(SolutionProperties) = preSolution
		HideSolutionNode = FALSE
	EndGlobalSection
	GlobalSection(ExtensibilityGlobals) = postSolution
		SolutionGuid = {3AEE4CF1-D575-4397-B2C7-531EB383E057}
	EndGlobalSection
EndGlobal
